
Microsoft Visual Studio Solution File, Format Version 12.00
# Visual Studio Version 17
VisualStudioVersion = 17.10.35004.147
MinimumVisualStudioVersion = 10.0.40219.1
Project("{FAE04EC0-301F-11D3-BF4B-00C04F79EFBC}") = "HangmanFrontendLibrary", "HangmanFrontendLibrary\HangmanFrontendLibrary.csproj", "{D7DA7396-3195-4360-A993-BC0893DEFBB9}"
EndProject
Global
	GlobalSection(SolutionConfigurationPlatforms) = preSolution
		Debug|Any CPU = Debug|Any CPU
		Release|Any CPU = Release|Any CPU
	EndGlobalSection
	GlobalSection(ProjectConfigurationPlatforms) = postSolution
		{D7DA7396-3195-4360-A993-BC0893DEFBB9}.Debug|Any CPU.ActiveCfg = Debug|Any CPU
		{D7DA7396-3195-4360-A993-BC0893DEFBB9}.Debug|Any CPU.Build.0 = Debug|Any CPU
		{D7DA7396-3195-4360-A993-BC0893DEFBB9}.Release|Any CPU.ActiveCfg = Release|Any CPU
		{D7DA7396-3195-4360-A993-BC0893DEFBB9}.Release|Any CPU.Build.0 = Release|Any CPU
	EndGlobalSection
	GlobalSection(SolutionProperties) = preSolution
		HideSolutionNode = FALSE
	EndGlobalSection
	GlobalSection(ExtensibilityGlobals) = postSolution
		SolutionGuid = {3B87AF47-4362-4EC6-83E4-3A16CB389169}
	EndGlobalSection
EndGlobal
